
Microsoft Visual Studio Solution File, Format Version 12.00
# Visual Studio Version 17
VisualStudioVersion = 17.3.32901.215
MinimumVisualStudioVersion = 10.0.40219.1
Project("{9A19103F-16F7-4668-BE54-9A1E7A4F7556}") = "BookingManagement", "BookingManagement.csproj", "{36FA7903-2AC3-4DBF-9EAB-3EAE79E120BE}"
EndProject
Global
	GlobalSection(SolutionConfigurationPlatforms) = preSolution
		Debug|Any CPU = Debug|Any CPU
		Release|Any CPU = Release|Any CPU
	EndGlobalSection
	GlobalSection(ProjectConfigurationPlatforms) = postSolution
		{36FA7903-2AC3-4DBF-9EAB-3EAE79E120BE}.Debug|Any CPU.ActiveCfg = Debug|Any CPU
		{36FA7903-2AC3-4DBF-9EAB-3EAE79E120BE}.Debug|Any CPU.Build.0 = Debug|Any CPU
		{36FA7903-2AC3-4DBF-9EAB-3EAE79E120BE}.Release|Any CPU.ActiveCfg = Release|Any CPU
		{36FA7903-2AC3-4DBF-9EAB-3EAE79E120BE}.Release|Any CPU.Build.0 = Release|Any CPU
	EndGlobalSection
	GlobalSection(SolutionProperties) = preSolution
		HideSolutionNode = FALSE
	EndGlobalSection
	GlobalSection(ExtensibilityGlobals) = postSolution
		SolutionGuid = {2431B1D8-7280-49B7-8702-A15BE91BDFD1}
	EndGlobalSection
EndGlobal
